
Microsoft Visual Studio Solution File, Format Version 12.00
# Visual Studio Version 16
VisualStudioVersion = 16.0.30413.136
MinimumVisualStudioVersion = 10.0.40219.1
Project("{FAE04EC0-301F-11D3-BF4B-00C04F79EFBC}") = "HelloWorld", "HelloWorld\HelloWorld.csproj", "{2726B009-6598-4477-9CA7-D266FDD6002C}"
EndProject
Global
	GlobalSection(SolutionConfigurationPlatforms) = preSolution
		Debug|Any CPU = Debug|Any CPU
		Release|Any CPU = Release|Any CPU
	EndGlobalSection
	GlobalSection(ProjectConfigurationPlatforms) = postSolution
		{2726B009-6598-4477-9CA7-D266FDD6002C}.Debug|Any CPU.ActiveCfg = Debug|Any CPU
		{2726B009-6598-4477-9CA7-D266FDD6002C}.Debug|Any CPU.Build.0 = Debug|Any CPU
		{2726B009-6598-4477-9CA7-D266FDD6002C}.Release|Any CPU.ActiveCfg = Release|Any CPU
		{2726B009-6598-4477-9CA7-D266FDD6002C}.Release|Any CPU.Build.0 = Release|Any CPU
	EndGlobalSection
	GlobalSection(SolutionProperties) = preSolution
		HideSolutionNode = FALSE
	EndGlobalSection
	GlobalSection(ExtensibilityGlobals) = postSolution
		SolutionGuid = {7C90C67C-86BC-42F0-9A8B-73FAC53B1498}
	EndGlobalSection
EndGlobal
